
Microsoft Visual Studio Solution File, Format Version 12.00
# Visual Studio Version 16
VisualStudioVersion = 16.0.31112.23
MinimumVisualStudioVersion = 10.0.40219.1
Project("{9A19103F-16F7-4668-BE54-9A1E7A4F7556}") = "WhatBuild.Core", "WhatBuild.Core\WhatBuild.Core.csproj", "{B42DE19A-EC03-4CBB-993A-A8AA1C5EFBFF}"
EndProject
Project("{9A19103F-16F7-4668-BE54-9A1E7A4F7556}") = "WhatBuild.Tests", "WhatBuild.Tests\WhatBuild.Tests.csproj", "{2727FDFB-D881-41A9-8CEF-AA46765D7AD9}"
EndProject
Project("{9A19103F-16F7-4668-BE54-9A1E7A4F7556}") = "WhatBuild.WPF", "WhatBuild.WPF\WhatBuild.WPF.csproj", "{504F2746-2BBF-49B7-8A6D-A1C1BE3AC9F6}"
EndProject
Global
	GlobalSection(SolutionConfigurationPlatforms) = preSolution
		Debug|Any CPU = Debug|Any CPU
		Release|Any CPU = Release|Any CPU
	EndGlobalSection
	GlobalSection(ProjectConfigurationPlatforms) = postSolution
		{B42DE19A-EC03-4CBB-993A-A8AA1C5EFBFF}.Debug|Any CPU.ActiveCfg = Debug|Any CPU
		{B42DE19A-EC03-4CBB-993A-A8AA1C5EFBFF}.Debug|Any CPU.Build.0 = Debug|Any CPU
		{B42DE19A-EC03-4CBB-993A-A8AA1C5EFBFF}.Release|Any CPU.ActiveCfg = Release|Any CPU
		{B42DE19A-EC03-4CBB-993A-A8AA1C5EFBFF}.Release|Any CPU.Build.0 = Release|Any CPU
		{2727FDFB-D881-41A9-8CEF-AA46765D7AD9}.Debug|Any CPU.ActiveCfg = Debug|Any CPU
		{2727FDFB-D881-41A9-8CEF-AA46765D7AD9}.Debug|Any CPU.Build.0 = Debug|Any CPU
		{2727FDFB-D881-41A9-8CEF-AA46765D7AD9}.Release|Any CPU.ActiveCfg = Release|Any CPU
		{2727FDFB-D881-41A9-8CEF-AA46765D7AD9}.Release|Any CPU.Build.0 = Release|Any CPU
		{504F2746-2BBF-49B7-8A6D-A1C1BE3AC9F6}.Debug|Any CPU.ActiveCfg = Debug|Any CPU
		{504F2746-2BBF-49B7-8A6D-A1C1BE3AC9F6}.Debug|Any CPU.Build.0 = Debug|Any CPU
		{504F2746-2BBF-49B7-8A6D-A1C1BE3AC9F6}.Release|Any CPU.ActiveCfg = Release|Any CPU
		{504F2746-2BBF-49B7-8A6D-A1C1BE3AC9F6}.Release|Any CPU.Build.0 = Release|Any CPU
	EndGlobalSection
	GlobalSection(SolutionProperties) = preSolution
		HideSolutionNode = FALSE
	EndGlobalSection
	GlobalSection(ExtensibilityGlobals) = postSolution
		SolutionGuid = {561BCBA7-ACF0-45DD-A4B1-BE7C67AAF164}
	EndGlobalSection
EndGlobal
